
Microsoft Visual Studio Solution File, Format Version 12.00
# Visual Studio Version 16
VisualStudioVersion = 16.0.30611.23
MinimumVisualStudioVersion = 10.0.40219.1
Project("{FAE04EC0-301F-11D3-BF4B-00C04F79EFBC}") = "Exercise 132", "Exercise 132.csproj", "{C0FEA3BE-60DF-4ECD-9D48-DFF6731344AD}"
EndProject
Global
	GlobalSection(SolutionConfigurationPlatforms) = preSolution
		Debug|Any CPU = Debug|Any CPU
		Release|Any CPU = Release|Any CPU
	EndGlobalSection
	GlobalSection(ProjectConfigurationPlatforms) = postSolution
		{C0FEA3BE-60DF-4ECD-9D48-DFF6731344AD}.Debug|Any CPU.ActiveCfg = Debug|Any CPU
		{C0FEA3BE-60DF-4ECD-9D48-DFF6731344AD}.Debug|Any CPU.Build.0 = Debug|Any CPU
		{C0FEA3BE-60DF-4ECD-9D48-DFF6731344AD}.Release|Any CPU.ActiveCfg = Release|Any CPU
		{C0FEA3BE-60DF-4ECD-9D48-DFF6731344AD}.Release|Any CPU.Build.0 = Release|Any CPU
	EndGlobalSection
	GlobalSection(SolutionProperties) = preSolution
		HideSolutionNode = FALSE
	EndGlobalSection
	GlobalSection(ExtensibilityGlobals) = postSolution
		SolutionGuid = {7D1738BC-48E1-4230-B2B0-C4A381579B84}
	EndGlobalSection
EndGlobal
