
Microsoft Visual Studio Solution File, Format Version 12.00
# Visual Studio Version 16
VisualStudioVersion = 16.0.30611.23
MinimumVisualStudioVersion = 10.0.40219.1
Project("{FAE04EC0-301F-11D3-BF4B-00C04F79EFBC}") = "Exercise 124", "Exercise 124.csproj", "{9FD526AF-8EDB-4D11-BDB7-3A74613BF2DD}"
EndProject
Global
	GlobalSection(SolutionConfigurationPlatforms) = preSolution
		Debug|Any CPU = Debug|Any CPU
		Release|Any CPU = Release|Any CPU
	EndGlobalSection
	GlobalSection(ProjectConfigurationPlatforms) = postSolution
		{9FD526AF-8EDB-4D11-BDB7-3A74613BF2DD}.Debug|Any CPU.ActiveCfg = Debug|Any CPU
		{9FD526AF-8EDB-4D11-BDB7-3A74613BF2DD}.Debug|Any CPU.Build.0 = Debug|Any CPU
		{9FD526AF-8EDB-4D11-BDB7-3A74613BF2DD}.Release|Any CPU.ActiveCfg = Release|Any CPU
		{9FD526AF-8EDB-4D11-BDB7-3A74613BF2DD}.Release|Any CPU.Build.0 = Release|Any CPU
	EndGlobalSection
	GlobalSection(SolutionProperties) = preSolution
		HideSolutionNode = FALSE
	EndGlobalSection
	GlobalSection(ExtensibilityGlobals) = postSolution
		SolutionGuid = {AF49CCBE-79A6-458B-8DE2-8E23B0739AC6}
	EndGlobalSection
EndGlobal
